
Microsoft Visual Studio Solution File, Format Version 12.00
# Visual Studio Version 17
VisualStudioVersion = 17.5.33424.131
MinimumVisualStudioVersion = 10.0.40219.1
Project("{FAE04EC0-301F-11D3-BF4B-00C04F79EFBC}") = "Pruebas Automatizadas", "Pruebas Automatizadas.csproj", "{7CB94F3E-929B-4A6B-BD70-3B64B448BFC3}"
EndProject
Global
	GlobalSection(SolutionConfigurationPlatforms) = preSolution
		Debug|Any CPU = Debug|Any CPU
		Release|Any CPU = Release|Any CPU
	EndGlobalSection
	GlobalSection(ProjectConfigurationPlatforms) = postSolution
		{7CB94F3E-929B-4A6B-BD70-3B64B448BFC3}.Debug|Any CPU.ActiveCfg = Debug|Any CPU
		{7CB94F3E-929B-4A6B-BD70-3B64B448BFC3}.Debug|Any CPU.Build.0 = Debug|Any CPU
		{7CB94F3E-929B-4A6B-BD70-3B64B448BFC3}.Release|Any CPU.ActiveCfg = Release|Any CPU
		{7CB94F3E-929B-4A6B-BD70-3B64B448BFC3}.Release|Any CPU.Build.0 = Release|Any CPU
	EndGlobalSection
	GlobalSection(SolutionProperties) = preSolution
		HideSolutionNode = FALSE
	EndGlobalSection
	GlobalSection(ExtensibilityGlobals) = postSolution
		SolutionGuid = {4053B4E5-278D-4DBD-8EDE-DF2E1CD37A70}
	EndGlobalSection
EndGlobal
